
Microsoft Visual Studio Solution File, Format Version 12.00
# Visual Studio 2012
Project("{8BC9CEB8-8B4A-11D0-8D11-00A0C91BC942}") = "FPDiag", "FPDiag\FPDiag.vcxproj", "{4B45D15C-ACD0-40E5-9B7A-531CB3A15D26}"
EndProject
Global
	GlobalSection(SolutionConfigurationPlatforms) = preSolution
		Debug|Win32 = Debug|Win32
		Release|Win32 = Release|Win32
	EndGlobalSection
	GlobalSection(ProjectConfigurationPlatforms) = postSolution
		{4B45D15C-ACD0-40E5-9B7A-531CB3A15D26}.Debug|Win32.ActiveCfg = Debug|Win32
		{4B45D15C-ACD0-40E5-9B7A-531CB3A15D26}.Debug|Win32.Build.0 = Debug|Win32
		{4B45D15C-ACD0-40E5-9B7A-531CB3A15D26}.Release|Win32.ActiveCfg = Release|Win32
		{4B45D15C-ACD0-40E5-9B7A-531CB3A15D26}.Release|Win32.Build.0 = Release|Win32
	EndGlobalSection
	GlobalSection(SolutionProperties) = preSolution
		HideSolutionNode = FALSE
	EndGlobalSection
EndGlobal
